// !$*UTF8*$!
{
	archiveVersion = 1;
	classes = {
	};
	objectVersion = 46;
	objects = {

/* Begin PBXBuildFile section */
		EE2810041DA36490006AA38A /* MyTableViewController.m in Sources */ = {isa = PBXBuildFile; fileRef = EE2810031DA36490006AA38A /* MyTableViewController.m */; };
		EE28100B1DA36FB1006AA38A /* XIBViewController.m in Sources */ = {isa = PBXBuildFile; fileRef = EE2810091DA36FB1006AA38A /* XIBViewController.m */; };
		EE28100C1DA36FB1006AA38A /* XIBViewController.xib in Resources */ = {isa = PBXBuildFile; fileRef = EE28100A1DA36FB1006AA38A /* XIBViewController.xib */; };
		EE2B0D141D9CC8A400B153BB /* DateViewController.m in Sources */ = {isa = PBXBuildFile; fileRef = EE2B0D131D9CC8A400B153BB /* DateViewController.m */; };
		EE2B0D171D9CD67E00B153BB /* TableViewController.m in Sources */ = {isa = PBXBuildFile; fileRef = EE2B0D161D9CD67E00B153BB /* TableViewController.m */; };
		EE2FE4D91DA215F70092589F /* Cal2ViewController.m in Sources */ = {isa = PBXBuildFile; fileRef = EE2FE4D81DA215F70092589F /* Cal2ViewController.m */; };
		EE332F231D90EC130062752D /* main.m in Sources */ = {isa = PBXBuildFile; fileRef = EE332F221D90EC130062752D /* main.m */; };
		EE332F261D90EC130062752D /* AppDelegate.m in Sources */ = {isa = PBXBuildFile; fileRef = EE332F251D90EC130062752D /* AppDelegate.m */; };
		EE332F2E1D90EC130062752D /* Assets.xcassets in Resources */ = {isa = PBXBuildFile; fileRef = EE332F2D1D90EC130062752D /* Assets.xcassets */; };
		EE332F311D90EC130062752D /* LaunchScreen.storyboard in Resources */ = {isa = PBXBuildFile; fileRef = EE332F2F1D90EC130062752D /* LaunchScreen.storyboard */; };
		EE332F3C1D90EC140062752D /* UIDemoTests.m in Sources */ = {isa = PBXBuildFile; fileRef = EE332F3B1D90EC140062752D /* UIDemoTests.m */; };
		EE332F471D90EC140062752D /* UIDemoUITests.m in Sources */ = {isa = PBXBuildFile; fileRef = EE332F461D90EC140062752D /* UIDemoUITests.m */; };
		EE332F591D90FE040062752D /* LoginViewController.m in Sources */ = {isa = PBXBuildFile; fileRef = EE332F581D90FE040062752D /* LoginViewController.m */; };
		EE37782F1D9E2B2F00D6F2C6 /* Cal1ViewController.m in Sources */ = {isa = PBXBuildFile; fileRef = EE37782E1D9E2B2F00D6F2C6 /* Cal1ViewController.m */; };
		EE3CFF041DAB5C66004C6949 /* TimerViewController.m in Sources */ = {isa = PBXBuildFile; fileRef = EE3CFF021DAB5C66004C6949 /* TimerViewController.m */; };
		EE3CFF051DAB5C66004C6949 /* TimerViewController.xib in Resources */ = {isa = PBXBuildFile; fileRef = EE3CFF031DAB5C66004C6949 /* TimerViewController.xib */; };
		EE7426A51D9A25F40005A11B /* 1.png in Resources */ = {isa = PBXBuildFile; fileRef = EE7426A21D9A25F40005A11B /* 1.png */; };
		EE7426A61D9A25F40005A11B /* 2.png in Resources */ = {isa = PBXBuildFile; fileRef = EE7426A31D9A25F40005A11B /* 2.png */; };
		EE7426A71D9A25F40005A11B /* 4.png in Resources */ = {isa = PBXBuildFile; fileRef = EE7426A41D9A25F40005A11B /* 4.png */; };
		EE7426AA1D9A28D30005A11B /* NewViewController.m in Sources */ = {isa = PBXBuildFile; fileRef = EE7426A91D9A28D30005A11B /* NewViewController.m */; };
		EE7426AD1D9A39B80005A11B /* PickerViewController.m in Sources */ = {isa = PBXBuildFile; fileRef = EE7426AC1D9A39B80005A11B /* PickerViewController.m */; };
/* End PBXBuildFile section */

/* Begin PBXContainerItemProxy section */
		EE332F381D90EC140062752D /* PBXContainerItemProxy */ = {
			isa = PBXContainerItemProxy;
			containerPortal = EE332F161D90EC130062752D /* Project object */;
			proxyType = 1;
			remoteGlobalIDString = EE332F1D1D90EC130062752D;
			remoteInfo = UIDemo;
		};
		EE332F431D90EC140062752D /* PBXContainerItemProxy */ = {
			isa = PBXContainerItemProxy;
			containerPortal = EE332F161D90EC130062752D /* Project object */;
			proxyType = 1;
			remoteGlobalIDString = EE332F1D1D90EC130062752D;
			remoteInfo = UIDemo;
		};
/* End PBXContainerItemProxy section */

/* Begin PBXFileReference section */
		EE2810021DA36490006AA38A /* MyTableViewController.h */ = {isa = PBXFileReference; fileEncoding = 4; lastKnownFileType = sourcecode.c.h; path = MyTableViewController.h; sourceTree = "<group>"; };
		EE2810031DA36490006AA38A /* MyTableViewController.m */ = {isa = PBXFileReference; fileEncoding = 4; lastKnownFileType = sourcecode.c.objc; path = MyTableViewController.m; sourceTree = "<group>"; };
		EE2810081DA36FB1006AA38A /* XIBViewController.h */ = {isa = PBXFileReference; fileEncoding = 4; lastKnownFileType = sourcecode.c.h; path = XIBViewController.h; sourceTree = "<group>"; };
		EE2810091DA36FB1006AA38A /* XIBViewController.m */ = {isa = PBXFileReference; fileEncoding = 4; lastKnownFileType = sourcecode.c.objc; path = XIBViewController.m; sourceTree = "<group>"; };
		EE28100A1DA36FB1006AA38A /* XIBViewController.xib */ = {isa = PBXFileReference; fileEncoding = 4; lastKnownFileType = file.xib; path = XIBViewController.xib; sourceTree = "<group>"; };
		EE2B0D121D9CC8A400B153BB /* DateViewController.h */ = {isa = PBXFileReference; fileEncoding = 4; lastKnownFileType = sourcecode.c.h; path = DateViewController.h; sourceTree = "<group>"; };
		EE2B0D131D9CC8A400B153BB /* DateViewController.m */ = {isa = PBXFileReference; fileEncoding = 4; lastKnownFileType = sourcecode.c.objc; path = DateViewController.m; sourceTree = "<group>"; };
		EE2B0D151D9CD67E00B153BB /* TableViewController.h */ = {isa = PBXFileReference; fileEncoding = 4; lastKnownFileType = sourcecode.c.h; path = TableViewController.h; sourceTree = "<group>"; };
		EE2B0D161D9CD67E00B153BB /* TableViewController.m */ = {isa = PBXFileReference; fileEncoding = 4; lastKnownFileType = sourcecode.c.objc; path = TableViewController.m; sourceTree = "<group>"; };
		EE2FE4D71DA215F70092589F /* Cal2ViewController.h */ = {isa = PBXFileReference; fileEncoding = 4; lastKnownFileType = sourcecode.c.h; path = Cal2ViewController.h; sourceTree = "<group>"; };
		EE2FE4D81DA215F70092589F /* Cal2ViewController.m */ = {isa = PBXFileReference; fileEncoding = 4; lastKnownFileType = sourcecode.c.objc; path = Cal2ViewController.m; sourceTree = "<group>"; };
		EE332F1E1D90EC130062752D /* UIDemo.app */ = {isa = PBXFileReference; explicitFileType = wrapper.application; includeInIndex = 0; path = UIDemo.app; sourceTree = BUILT_PRODUCTS_DIR; };
		EE332F221D90EC130062752D /* main.m */ = {isa = PBXFileReference; lastKnownFileType = sourcecode.c.objc; path = main.m; sourceTree = "<group>"; };
		EE332F241D90EC130062752D /* AppDelegate.h */ = {isa = PBXFileReference; lastKnownFileType = sourcecode.c.h; path = AppDelegate.h; sourceTree = "<group>"; };
		EE332F251D90EC130062752D /* AppDelegate.m */ = {isa = PBXFileReference; lastKnownFileType = sourcecode.c.objc; path = AppDelegate.m; sourceTree = "<group>"; };
		EE332F2D1D90EC130062752D /* Assets.xcassets */ = {isa = PBXFileReference; lastKnownFileType = folder.assetcatalog; path = Assets.xcassets; sourceTree = "<group>"; };
		EE332F301D90EC130062752D /* Base */ = {isa = PBXFileReference; lastKnownFileType = file.storyboard; name = Base; path = Base.lproj/LaunchScreen.storyboard; sourceTree = "<group>"; };
		EE332F321D90EC130062752D /* Info.plist */ = {isa = PBXFileReference; lastKnownFileType = text.plist.xml; path = Info.plist; sourceTree = "<group>"; };
		EE332F371D90EC140062752D /* UIDemoTests.xctest */ = {isa = PBXFileReference; explicitFileType = wrapper.cfbundle; includeInIndex = 0; path = UIDemoTests.xctest; sourceTree = BUILT_PRODUCTS_DIR; };
		EE332F3B1D90EC140062752D /* UIDemoTests.m */ = {isa = PBXFileReference; lastKnownFileType = sourcecode.c.objc; path = UIDemoTests.m; sourceTree = "<group>"; };
		EE332F3D1D90EC140062752D /* Info.plist */ = {isa = PBXFileReference; lastKnownFileType = text.plist.xml; path = Info.plist; sourceTree = "<group>"; };
		EE332F421D90EC140062752D /* UIDemoUITests.xctest */ = {isa = PBXFileReference; explicitFileType = wrapper.cfbundle; includeInIndex = 0; path = UIDemoUITests.xctest; sourceTree = BUILT_PRODUCTS_DIR; };
		EE332F461D90EC140062752D /* UIDemoUITests.m */ = {isa = PBXFileReference; lastKnownFileType = sourcecode.c.objc; path = UIDemoUITests.m; sourceTree = "<group>"; };
		EE332F481D90EC140062752D /* Info.plist */ = {isa = PBXFileReference; lastKnownFileType = text.plist.xml; path = Info.plist; sourceTree = "<group>"; };
		EE332F571D90FE040062752D /* LoginViewController.h */ = {isa = PBXFileReference; fileEncoding = 4; lastKnownFileType = sourcecode.c.h; path = LoginViewController.h; sourceTree = "<group>"; };
		EE332F581D90FE040062752D /* LoginViewController.m */ = {isa = PBXFileReference; fileEncoding = 4; lastKnownFileType = sourcecode.c.objc; path = LoginViewController.m; sourceTree = "<group>"; };
		EE37782D1D9E2B2F00D6F2C6 /* Cal1ViewController.h */ = {isa = PBXFileReference; fileEncoding = 4; lastKnownFileType = sourcecode.c.h; path = Cal1ViewController.h; sourceTree = "<group>"; };
		EE37782E1D9E2B2F00D6F2C6 /* Cal1ViewController.m */ = {isa = PBXFileReference; fileEncoding = 4; lastKnownFileType = sourcecode.c.objc; path = Cal1ViewController.m; sourceTree = "<group>"; };
		EE3CFF011DAB5C66004C6949 /* TimerViewController.h */ = {isa = PBXFileReference; fileEncoding = 4; lastKnownFileType = sourcecode.c.h; path = TimerViewController.h; sourceTree = "<group>"; };
		EE3CFF021DAB5C66004C6949 /* TimerViewController.m */ = {isa = PBXFileReference; fileEncoding = 4; lastKnownFileType = sourcecode.c.objc; path = TimerViewController.m; sourceTree = "<group>"; };
		EE3CFF031DAB5C66004C6949 /* TimerViewController.xib */ = {isa = PBXFileReference; fileEncoding = 4; lastKnownFileType = file.xib; path = TimerViewController.xib; sourceTree = "<group>"; };
		EE7426A21D9A25F40005A11B /* 1.png */ = {isa = PBXFileReference; lastKnownFileType = image.png; path = 1.png; sourceTree = "<group>"; };
		EE7426A31D9A25F40005A11B /* 2.png */ = {isa = PBXFileReference; lastKnownFileType = image.png; path = 2.png; sourceTree = "<group>"; };
		EE7426A41D9A25F40005A11B /* 4.png */ = {isa = PBXFileReference; lastKnownFileType = image.png; path = 4.png; sourceTree = "<group>"; };
		EE7426A81D9A28D30005A11B /* NewViewController.h */ = {isa = PBXFileReference; fileEncoding = 4; lastKnownFileType = sourcecode.c.h; path = NewViewController.h; sourceTree = "<group>"; };
		EE7426A91D9A28D30005A11B /* NewViewController.m */ = {isa = PBXFileReference; fileEncoding = 4; lastKnownFileType = sourcecode.c.objc; path = NewViewController.m; sourceTree = "<group>"; };
		EE7426AB1D9A39B80005A11B /* PickerViewController.h */ = {isa = PBXFileReference; fileEncoding = 4; lastKnownFileType = sourcecode.c.h; path = PickerViewController.h; sourceTree = "<group>"; };
		EE7426AC1D9A39B80005A11B /* PickerViewController.m */ = {isa = PBXFileReference; fileEncoding = 4; lastKnownFileType = sourcecode.c.objc; path = PickerViewController.m; sourceTree = "<group>"; };
/* End PBXFileReference section */

/* Begin PBXFrameworksBuildPhase section */
		EE332F1B1D90EC130062752D /* Frameworks */ = {
			isa = PBXFrameworksBuildPhase;
			buildActionMask = 2147483647;
			files = (
			);
			runOnlyForDeploymentPostprocessing = 0;
		};
		EE332F341D90EC140062752D /* Frameworks */ = {
			isa = PBXFrameworksBuildPhase;
			buildActionMask = 2147483647;
			files = (
			);
			runOnlyForDeploymentPostprocessing = 0;
		};
		EE332F3F1D90EC140062752D /* Frameworks */ = {
			isa = PBXFrameworksBuildPhase;
			buildActionMask = 2147483647;
			files = (
			);
			runOnlyForDeploymentPostprocessing = 0;
		};
/* End PBXFrameworksBuildPhase section */

/* Begin PBXGroup section */
		EE332F151D90EC130062752D = {
			isa = PBXGroup;
			children = (
				EE332F201D90EC130062752D /* UIDemo */,
				EE332F3A1D90EC140062752D /* UIDemoTests */,
				EE332F451D90EC140062752D /* UIDemoUITests */,
				EE332F1F1D90EC130062752D /* Products */,
			);
			sourceTree = "<group>";
		};
		EE332F1F1D90EC130062752D /* Products */ = {
			isa = PBXGroup;
			children = (
				EE332F1E1D90EC130062752D /* UIDemo.app */,
				EE332F371D90EC140062752D /* UIDemoTests.xctest */,
				EE332F421D90EC140062752D /* UIDemoUITests.xctest */,
			);
			name = Products;
			sourceTree = "<group>";
		};
		EE332F201D90EC130062752D /* UIDemo */ = {
			isa = PBXGroup;
			children = (
				EE332F241D90EC130062752D /* AppDelegate.h */,
				EE332F251D90EC130062752D /* AppDelegate.m */,
				EE3CFF011DAB5C66004C6949 /* TimerViewController.h */,
				EE3CFF021DAB5C66004C6949 /* TimerViewController.m */,
				EE3CFF031DAB5C66004C6949 /* TimerViewController.xib */,
				EE2810081DA36FB1006AA38A /* XIBViewController.h */,
				EE2810091DA36FB1006AA38A /* XIBViewController.m */,
				EE28100A1DA36FB1006AA38A /* XIBViewController.xib */,
				EE2810021DA36490006AA38A /* MyTableViewController.h */,
				EE2810031DA36490006AA38A /* MyTableViewController.m */,
				EE2FE4D71DA215F70092589F /* Cal2ViewController.h */,
				EE2FE4D81DA215F70092589F /* Cal2ViewController.m */,
				EE37782D1D9E2B2F00D6F2C6 /* Cal1ViewController.h */,
				EE37782E1D9E2B2F00D6F2C6 /* Cal1ViewController.m */,
				EE2B0D151D9CD67E00B153BB /* TableViewController.h */,
				EE2B0D161D9CD67E00B153BB /* TableViewController.m */,
				EE2B0D121D9CC8A400B153BB /* DateViewController.h */,
				EE2B0D131D9CC8A400B153BB /* DateViewController.m */,
				EE7426AB1D9A39B80005A11B /* PickerViewController.h */,
				EE7426AC1D9A39B80005A11B /* PickerViewController.m */,
				EE7426A81D9A28D30005A11B /* NewViewController.h */,
				EE7426A91D9A28D30005A11B /* NewViewController.m */,
				EE332F571D90FE040062752D /* LoginViewController.h */,
				EE332F581D90FE040062752D /* LoginViewController.m */,
				EE332F2D1D90EC130062752D /* Assets.xcassets */,
				EE332F2F1D90EC130062752D /* LaunchScreen.storyboard */,
				EE332F321D90EC130062752D /* Info.plist */,
				EE7426A21D9A25F40005A11B /* 1.png */,
				EE7426A31D9A25F40005A11B /* 2.png */,
				EE7426A41D9A25F40005A11B /* 4.png */,
				EE332F211D90EC130062752D /* Supporting Files */,
			);
			path = UIDemo;
			sourceTree = "<group>";
		};
		EE332F211D90EC130062752D /* Supporting Files */ = {
			isa = PBXGroup;
			children = (
				EE332F221D90EC130062752D /* main.m */,
			);
			name = "Supporting Files";
			sourceTree = "<group>";
		};
		EE332F3A1D90EC140062752D /* UIDemoTests */ = {
			isa = PBXGroup;
			children = (
				EE332F3B1D90EC140062752D /* UIDemoTests.m */,
				EE332F3D1D90EC140062752D /* Info.plist */,
			);
			path = UIDemoTests;
			sourceTree = "<group>";
		};
		EE332F451D90EC140062752D /* UIDemoUITests */ = {
			isa = PBXGroup;
			children = (
				EE332F461D90EC140062752D /* UIDemoUITests.m */,
				EE332F481D90EC140062752D /* Info.plist */,
			);
			path = UIDemoUITests;
			sourceTree = "<group>";
		};
/* End PBXGroup section */

/* Begin PBXNativeTarget section */
		EE332F1D1D90EC130062752D /* UIDemo */ = {
			isa = PBXNativeTarget;
			buildConfigurationList = EE332F4B1D90EC140062752D /* Build configuration list for PBXNativeTarget "UIDemo" */;
			buildPhases = (
				EE332F1A1D90EC130062752D /* Sources */,
				EE332F1B1D90EC130062752D /* Frameworks */,
				EE332F1C1D90EC130062752D /* Resources */,
			);
			buildRules = (
			);
			dependencies = (
			);
			name = UIDemo;
			productName = UIDemo;
			productReference = EE332F1E1D90EC130062752D /* UIDemo.app */;
			productType = "com.apple.product-type.application";
		};
		EE332F361D90EC140062752D /* UIDemoTests */ = {
			isa = PBXNativeTarget;
			buildConfigurationList = EE332F4E1D90EC140062752D /* Build configuration list for PBXNativeTarget "UIDemoTests" */;
			buildPhases = (
				EE332F331D90EC140062752D /* Sources */,
				EE332F341D90EC140062752D /* Frameworks */,
				EE332F351D90EC140062752D /* Resources */,
			);
			buildRules = (
			);
			dependencies = (
				EE332F391D90EC140062752D /* PBXTargetDependency */,
			);
			name = UIDemoTests;
			productName = UIDemoTests;
			productReference = EE332F371D90EC140062752D /* UIDemoTests.xctest */;
			productType = "com.apple.product-type.bundle.unit-test";
		};
		EE332F411D90EC140062752D /* UIDemoUITests */ = {
			isa = PBXNativeTarget;
			buildConfigurationList = EE332F511D90EC140062752D /* Build configuration list for PBXNativeTarget "UIDemoUITests" */;
			buildPhases = (
				EE332F3E1D90EC140062752D /* Sources */,
				EE332F3F1D90EC140062752D /* Frameworks */,
				EE332F401D90EC140062752D /* Resources */,
			);
			buildRules = (
			);
			dependencies = (
				EE332F441D90EC140062752D /* PBXTargetDependency */,
			);
			name = UIDemoUITests;
			productName = UIDemoUITests;
			productReference = EE332F421D90EC140062752D /* UIDemoUITests.xctest */;
			productType = "com.apple.product-type.bundle.ui-testing";
		};
/* End PBXNativeTarget section */

/* Begin PBXProject section */
		EE332F161D90EC130062752D /* Project object */ = {
			isa = PBXProject;
			attributes = {
				LastUpgradeCheck = 0720;
				ORGANIZATIONNAME = "student 002";
				TargetAttributes = {
					EE332F1D1D90EC130062752D = {
						CreatedOnToolsVersion = 7.2;
						DevelopmentTeam = W9YQCNX9JH;
					};
					EE332F361D90EC140062752D = {
						CreatedOnToolsVersion = 7.2;
						DevelopmentTeam = W9YQCNX9JH;
						TestTargetID = EE332F1D1D90EC130062752D;
					};
					EE332F411D90EC140062752D = {
						CreatedOnToolsVersion = 7.2;
						DevelopmentTeam = W9YQCNX9JH;
						TestTargetID = EE332F1D1D90EC130062752D;
					};
				};
			};
			buildConfigurationList = EE332F191D90EC130062752D /* Build configuration list for PBXProject "UIDemo" */;
			compatibilityVersion = "Xcode 3.2";
			developmentRegion = English;
			hasScannedForEncodings = 0;
			knownRegions = (
				en,
				Base,
			);
			mainGroup = EE332F151D90EC130062752D;
			productRefGroup = EE332F1F1D90EC130062752D /* Products */;
			projectDirPath = "";
			projectRoot = "";
			targets = (
				EE332F1D1D90EC130062752D /* UIDemo */,
				EE332F361D90EC140062752D /* UIDemoTests */,
				EE332F411D90EC140062752D /* UIDemoUITests */,
			);
		};
/* End PBXProject section */

/* Begin PBXResourcesBuildPhase section */
		EE332F1C1D90EC130062752D /* Resources */ = {
			isa = PBXResourcesBuildPhase;
			buildActionMask = 2147483647;
			files = (
				EE3CFF051DAB5C66004C6949 /* TimerViewController.xib in Resources */,
				EE7426A51D9A25F40005A11B /* 1.png in Resources */,
				EE332F311D90EC130062752D /* LaunchScreen.storyboard in Resources */,
				EE28100C1DA36FB1006AA38A /* XIBViewController.xib in Resources */,
				EE7426A61D9A25F40005A11B /* 2.png in Resources */,
				EE7426A71D9A25F40005A11B /* 4.png in Resources */,
				EE332F2E1D90EC130062752D /* Assets.xcassets in Resources */,
			);
			runOnlyForDeploymentPostprocessing = 0;
		};
		EE332F351D90EC140062752D /* Resources */ = {
			isa = PBXResourcesBuildPhase;
			buildActionMask = 2147483647;
			files = (
			);
			runOnlyForDeploymentPostprocessing = 0;
		};
		EE332F401D90EC140062752D /* Resources */ = {
			isa = PBXResourcesBuildPhase;
			buildActionMask = 2147483647;
			files = (
			);
			runOnlyForDeploymentPostprocessing = 0;
		};
/* End PBXResourcesBuildPhase section */

/* Begin PBXSourcesBuildPhase section */
		EE332F1A1D90EC130062752D /* Sources */ = {
			isa = PBXSourcesBuildPhase;
			buildActionMask = 2147483647;
			files = (
				EE3CFF041DAB5C66004C6949 /* TimerViewController.m in Sources */,
				EE332F591D90FE040062752D /* LoginViewController.m in Sources */,
				EE2810041DA36490006AA38A /* MyTableViewController.m in Sources */,
				EE332F261D90EC130062752D /* AppDelegate.m in Sources */,
				EE7426AD1D9A39B80005A11B /* PickerViewController.m in Sources */,
				EE28100B1DA36FB1006AA38A /* XIBViewController.m in Sources */,
				EE332F231D90EC130062752D /* main.m in Sources */,
				EE2B0D141D9CC8A400B153BB /* DateViewController.m in Sources */,
				EE2FE4D91DA215F70092589F /* Cal2ViewController.m in Sources */,
				EE2B0D171D9CD67E00B153BB /* TableViewController.m in Sources */,
				EE7426AA1D9A28D30005A11B /* NewViewController.m in Sources */,
				EE37782F1D9E2B2F00D6F2C6 /* Cal1ViewController.m in Sources */,
			);
			runOnlyForDeploymentPostprocessing = 0;
		};
		EE332F331D90EC140062752D /* Sources */ = {
			isa = PBXSourcesBuildPhase;
			buildActionMask = 2147483647;
			files = (
				EE332F3C1D90EC140062752D /* UIDemoTests.m in Sources */,
			);
			runOnlyForDeploymentPostprocessing = 0;
		};
		EE332F3E1D90EC140062752D /* Sources */ = {
			isa = PBXSourcesBuildPhase;
			buildActionMask = 2147483647;
			files = (
				EE332F471D90EC140062752D /* UIDemoUITests.m in Sources */,
			);
			runOnlyForDeploymentPostprocessing = 0;
		};
/* End PBXSourcesBuildPhase section */

/* Begin PBXTargetDependency section */
		EE332F391D90EC140062752D /* PBXTargetDependency */ = {
			isa = PBXTargetDependency;
			target = EE332F1D1D90EC130062752D /* UIDemo */;
			targetProxy = EE332F381D90EC140062752D /* PBXContainerItemProxy */;
		};
		EE332F441D90EC140062752D /* PBXTargetDependency */ = {
			isa = PBXTargetDependency;
			target = EE332F1D1D90EC130062752D /* UIDemo */;
			targetProxy = EE332F431D90EC140062752D /* PBXContainerItemProxy */;
		};
/* End PBXTargetDependency section */

/* Begin PBXVariantGroup section */
		EE332F2F1D90EC130062752D /* LaunchScreen.storyboard */ = {
			isa = PBXVariantGroup;
			children = (
				EE332F301D90EC130062752D /* Base */,
			);
			name = LaunchScreen.storyboard;
			sourceTree = "<group>";
		};
/* End PBXVariantGroup section */

/* Begin XCBuildConfiguration section */
		EE332F491D90EC140062752D /* Debug */ = {
			isa = XCBuildConfiguration;
			buildSettings = {
				ALWAYS_SEARCH_USER_PATHS = NO;
				CLANG_CXX_LANGUAGE_STANDARD = "gnu++0x";
				CLANG_CXX_LIBRARY = "libc++";
				CLANG_ENABLE_MODULES = YES;
				CLANG_ENABLE_OBJC_ARC = YES;
				CLANG_WARN_BOOL_CONVERSION = YES;
				CLANG_WARN_CONSTANT_CONVERSION = YES;
				CLANG_WARN_DIRECT_OBJC_ISA_USAGE = YES_ERROR;
				CLANG_WARN_EMPTY_BODY = YES;
				CLANG_WARN_ENUM_CONVERSION = YES;
				CLANG_WARN_INT_CONVERSION = YES;
				CLANG_WARN_OBJC_ROOT_CLASS = YES_ERROR;
				CLANG_WARN_UNREACHABLE_CODE = YES;
				CLANG_WARN__DUPLICATE_METHOD_MATCH = YES;
				"CODE_SIGN_IDENTITY[sdk=iphoneos*]" = "iPhone Developer";
				COPY_PHASE_STRIP = NO;
				DEBUG_INFORMATION_FORMAT = dwarf;
				ENABLE_STRICT_OBJC_MSGSEND = YES;
				ENABLE_TESTABILITY = YES;
				GCC_C_LANGUAGE_STANDARD = gnu99;
				GCC_DYNAMIC_NO_PIC = NO;
				GCC_NO_COMMON_BLOCKS = YES;
				GCC_OPTIMIZATION_LEVEL = 0;
				GCC_PREPROCESSOR_DEFINITIONS = (
					"DEBUG=1",
					"$(inherited)",
				);
				GCC_WARN_64_TO_32_BIT_CONVERSION = YES;
				GCC_WARN_ABOUT_RETURN_TYPE = YES_ERROR;
				GCC_WARN_UNDECLARED_SELECTOR = YES;
				GCC_WARN_UNINITIALIZED_AUTOS = YES_AGGRESSIVE;
				GCC_WARN_UNUSED_FUNCTION = YES;
				GCC_WARN_UNUSED_VARIABLE = YES;
				IPHONEOS_DEPLOYMENT_TARGET = 9.2;
				MTL_ENABLE_DEBUG_INFO = YES;
				ONLY_ACTIVE_ARCH = YES;
				SDKROOT = iphoneos;
				TARGETED_DEVICE_FAMILY = "1,2";
			};
			name = Debug;
		};
		EE332F4A1D90EC140062752D /* Release */ = {
			isa = XCBuildConfiguration;
			buildSettings = {
				ALWAYS_SEARCH_USER_PATHS = NO;
				CLANG_CXX_LANGUAGE_STANDARD = "gnu++0x";
				CLANG_CXX_LIBRARY = "libc++";
				CLANG_ENABLE_MODULES = YES;
				CLANG_ENABLE_OBJC_ARC = YES;
				CLANG_WARN_BOOL_CONVERSION = YES;
				CLANG_WARN_CONSTANT_CONVERSION = YES;
				CLANG_WARN_DIRECT_OBJC_ISA_USAGE = YES_ERROR;
				CLANG_WARN_EMPTY_BODY = YES;
				CLANG_WARN_ENUM_CONVERSION = YES;
				CLANG_WARN_INT_CONVERSION = YES;
				CLANG_WARN_OBJC_ROOT_CLASS = YES_ERROR;
				CLANG_WARN_UNREACHABLE_CODE = YES;
				CLANG_WARN__DUPLICATE_METHOD_MATCH = YES;
				"CODE_SIGN_IDENTITY[sdk=iphoneos*]" = "iPhone Developer";
				COPY_PHASE_STRIP = NO;
				DEBUG_INFORMATION_FORMAT = "dwarf-with-dsym";
				ENABLE_NS_ASSERTIONS = NO;
				ENABLE_STRICT_OBJC_MSGSEND = YES;
				GCC_C_LANGUAGE_STANDARD = gnu99;
				GCC_NO_COMMON_BLOCKS = YES;
				GCC_WARN_64_TO_32_BIT_CONVERSION = YES;
				GCC_WARN_ABOUT_RETURN_TYPE = YES_ERROR;
				GCC_WARN_UNDECLARED_SELECTOR = YES;
				GCC_WARN_UNINITIALIZED_AUTOS = YES_AGGRESSIVE;
				GCC_WARN_UNUSED_FUNCTION = YES;
				GCC_WARN_UNUSED_VARIABLE = YES;
				IPHONEOS_DEPLOYMENT_TARGET = 9.2;
				MTL_ENABLE_DEBUG_INFO = NO;
				SDKROOT = iphoneos;
				TARGETED_DEVICE_FAMILY = "1,2";
				VALIDATE_PRODUCT = YES;
			};
			name = Release;
		};
		EE332F4C1D90EC140062752D /* Debug */ = {
			isa = XCBuildConfiguration;
			buildSettings = {
				ASSETCATALOG_COMPILER_APPICON_NAME = AppIcon;
				INFOPLIST_FILE = UIDemo/Info.plist;
				LD_RUNPATH_SEARCH_PATHS = "$(inherited) @executable_path/Frameworks";
				PRODUCT_BUNDLE_IDENTIFIER = GK.UIDemo;
				PRODUCT_NAME = "$(TARGET_NAME)";
			};
			name = Debug;
		};
		EE332F4D1D90EC140062752D /* Release */ = {
			isa = XCBuildConfiguration;
			buildSettings = {
				ASSETCATALOG_COMPILER_APPICON_NAME = AppIcon;
				INFOPLIST_FILE = UIDemo/Info.plist;
				LD_RUNPATH_SEARCH_PATHS = "$(inherited) @executable_path/Frameworks";
				PRODUCT_BUNDLE_IDENTIFIER = GK.UIDemo;
				PRODUCT_NAME = "$(TARGET_NAME)";
			};
			name = Release;
		};
		EE332F4F1D90EC140062752D /* Debug */ = {
			isa = XCBuildConfiguration;
			buildSettings = {
				BUNDLE_LOADER = "$(TEST_HOST)";
				INFOPLIST_FILE = UIDemoTests/Info.plist;
				LD_RUNPATH_SEARCH_PATHS = "$(inherited) @executable_path/Frameworks @loader_path/Frameworks";
				PRODUCT_BUNDLE_IDENTIFIER = GK.UIDemoTests;
				PRODUCT_NAME = "$(TARGET_NAME)";
				TEST_HOST = "$(BUILT_PRODUCTS_DIR)/UIDemo.app/UIDemo";
			};
			name = Debug;
		};
		EE332F501D90EC140062752D /* Release */ = {
			isa = XCBuildConfiguration;
			buildSettings = {
				BUNDLE_LOADER = "$(TEST_HOST)";
				INFOPLIST_FILE = UIDemoTests/Info.plist;
				LD_RUNPATH_SEARCH_PATHS = "$(inherited) @executable_path/Frameworks @loader_path/Frameworks";
				PRODUCT_BUNDLE_IDENTIFIER = GK.UIDemoTests;
				PRODUCT_NAME = "$(TARGET_NAME)";
				TEST_HOST = "$(BUILT_PRODUCTS_DIR)/UIDemo.app/UIDemo";
			};
			name = Release;
		};
		EE332F521D90EC140062752D /* Debug */ = {
			isa = XCBuildConfiguration;
			buildSettings = {
				INFOPLIST_FILE = UIDemoUITests/Info.plist;
				LD_RUNPATH_SEARCH_PATHS = "$(inherited) @executable_path/Frameworks @loader_path/Frameworks";
				PRODUCT_BUNDLE_IDENTIFIER = GK.UIDemoUITests;
				PRODUCT_NAME = "$(TARGET_NAME)";
				TEST_TARGET_NAME = UIDemo;
				USES_XCTRUNNER = YES;
			};
			name = Debug;
		};
		EE332F531D90EC140062752D /* Release */ = {
			isa = XCBuildConfiguration;
			buildSettings = {
				INFOPLIST_FILE = UIDemoUITests/Info.plist;
				LD_RUNPATH_SEARCH_PATHS = "$(inherited) @executable_path/Frameworks @loader_path/Frameworks";
				PRODUCT_BUNDLE_IDENTIFIER = GK.UIDemoUITests;
				PRODUCT_NAME = "$(TARGET_NAME)";
				TEST_TARGET_NAME = UIDemo;
				USES_XCTRUNNER = YES;
			};
			name = Release;
		};
/* End XCBuildConfiguration section */

/* Begin XCConfigurationList section */
		EE332F191D90EC130062752D /* Build configuration list for PBXProject "UIDemo" */ = {
			isa = XCConfigurationList;
			buildConfigurations = (
				EE332F491D90EC140062752D /* Debug */,
				EE332F4A1D90EC140062752D /* Release */,
			);
			defaultConfigurationIsVisible = 0;
			defaultConfigurationName = Release;
		};
		EE332F4B1D90EC140062752D /* Build configuration list for PBXNativeTarget "UIDemo" */ = {
			isa = XCConfigurationList;
			buildConfigurations = (
				EE332F4C1D90EC140062752D /* Debug */,
				EE332F4D1D90EC140062752D /* Release */,
			);
			defaultConfigurationIsVisible = 0;
			defaultConfigurationName = Release;
		};
		EE332F4E1D90EC140062752D /* Build configuration list for PBXNativeTarget "UIDemoTests" */ = {
			isa = XCConfigurationList;
			buildConfigurations = (
				EE332F4F1D90EC140062752D /* Debug */,
				EE332F501D90EC140062752D /* Release */,
			);
			defaultConfigurationIsVisible = 0;
			defaultConfigurationName = Release;
		};
		EE332F511D90EC140062752D /* Build configuration list for PBXNativeTarget "UIDemoUITests" */ = {
			isa = XCConfigurationList;
			buildConfigurations = (
				EE332F521D90EC140062752D /* Debug */,
				EE332F531D90EC140062752D /* Release */,
			);
			defaultConfigurationIsVisible = 0;
			defaultConfigurationName = Release;
		};
/* End XCConfigurationList section */
	};
	rootObject = EE332F161D90EC130062752D /* Project object */;
}
