// !$*UTF8*$!
{
	archiveVersion = 1;
	classes = {
	};
	objectVersion = 46;
	objects = {

/* Begin PBXBuildFile section */
		EE2A9DC91DAB713F004C1C8B /* main.m in Sources */ = {isa = PBXBuildFile; fileRef = EE2A9DC81DAB713F004C1C8B /* main.m */; };
		EE2A9DD11DAB788B004C1C8B /* Employee.m in Sources */ = {isa = PBXBuildFile; fileRef = EE2A9DD01DAB788B004C1C8B /* Employee.m */; };
/* End PBXBuildFile section */

/* Begin PBXCopyFilesBuildPhase section */
		EE2A9DC31DAB713F004C1C8B /* CopyFiles */ = {
			isa = PBXCopyFilesBuildPhase;
			buildActionMask = 2147483647;
			dstPath = /usr/share/man/man1/;
			dstSubfolderSpec = 0;
			files = (
			);
			runOnlyForDeploymentPostprocessing = 1;
		};
/* End PBXCopyFilesBuildPhase section */

/* Begin PBXFileReference section */
		EE2A9DC51DAB713F004C1C8B /* Obectivec-training */ = {isa = PBXFileReference; explicitFileType = "compiled.mach-o.executable"; includeInIndex = 0; path = "Obectivec-training"; sourceTree = BUILT_PRODUCTS_DIR; };
		EE2A9DC81DAB713F004C1C8B /* main.m */ = {isa = PBXFileReference; lastKnownFileType = sourcecode.c.objc; path = main.m; sourceTree = "<group>"; };
		EE2A9DCF1DAB788B004C1C8B /* Employee.h */ = {isa = PBXFileReference; fileEncoding = 4; lastKnownFileType = sourcecode.c.h; path = Employee.h; sourceTree = "<group>"; };
		EE2A9DD01DAB788B004C1C8B /* Employee.m */ = {isa = PBXFileReference; fileEncoding = 4; lastKnownFileType = sourcecode.c.objc; path = Employee.m; sourceTree = "<group>"; };
/* End PBXFileReference section */

/* Begin PBXFrameworksBuildPhase section */
		EE2A9DC21DAB713F004C1C8B /* Frameworks */ = {
			isa = PBXFrameworksBuildPhase;
			buildActionMask = 2147483647;
			files = (
			);
			runOnlyForDeploymentPostprocessing = 0;
		};
/* End PBXFrameworksBuildPhase section */

/* Begin PBXGroup section */
		EE2A9DBC1DAB713F004C1C8B = {
			isa = PBXGroup;
			children = (
				EE2A9DC71DAB713F004C1C8B /* Obectivec-training */,
				EE2A9DC61DAB713F004C1C8B /* Products */,
			);
			sourceTree = "<group>";
		};
		EE2A9DC61DAB713F004C1C8B /* Products */ = {
			isa = PBXGroup;
			children = (
				EE2A9DC51DAB713F004C1C8B /* Obectivec-training */,
			);
			name = Products;
			sourceTree = "<group>";
		};
		EE2A9DC71DAB713F004C1C8B /* Obectivec-training */ = {
			isa = PBXGroup;
			children = (
				EE2A9DC81DAB713F004C1C8B /* main.m */,
				EE2A9DCF1DAB788B004C1C8B /* Employee.h */,
				EE2A9DD01DAB788B004C1C8B /* Employee.m */,
			);
			path = "Obectivec-training";
			sourceTree = "<group>";
		};
/* End PBXGroup section */

/* Begin PBXNativeTarget section */
		EE2A9DC41DAB713F004C1C8B /* Obectivec-training */ = {
			isa = PBXNativeTarget;
			buildConfigurationList = EE2A9DCC1DAB713F004C1C8B /* Build configuration list for PBXNativeTarget "Obectivec-training" */;
			buildPhases = (
				EE2A9DC11DAB713F004C1C8B /* Sources */,
				EE2A9DC21DAB713F004C1C8B /* Frameworks */,
				EE2A9DC31DAB713F004C1C8B /* CopyFiles */,
			);
			buildRules = (
			);
			dependencies = (
			);
			name = "Obectivec-training";
			productName = "Obectivec-training";
			productReference = EE2A9DC51DAB713F004C1C8B /* Obectivec-training */;
			productType = "com.apple.product-type.tool";
		};
/* End PBXNativeTarget section */

/* Begin PBXProject section */
		EE2A9DBD1DAB713F004C1C8B /* Project object */ = {
			isa = PBXProject;
			attributes = {
				LastUpgradeCheck = 0720;
				ORGANIZATIONNAME = "Felix-its";
				TargetAttributes = {
					EE2A9DC41DAB713F004C1C8B = {
						CreatedOnToolsVersion = 7.2;
					};
				};
			};
			buildConfigurationList = EE2A9DC01DAB713F004C1C8B /* Build configuration list for PBXProject "Obectivec-training" */;
			compatibilityVersion = "Xcode 3.2";
			developmentRegion = English;
			hasScannedForEncodings = 0;
			knownRegions = (
				en,
			);
			mainGroup = EE2A9DBC1DAB713F004C1C8B;
			productRefGroup = EE2A9DC61DAB713F004C1C8B /* Products */;
			projectDirPath = "";
			projectRoot = "";
			targets = (
				EE2A9DC41DAB713F004C1C8B /* Obectivec-training */,
			);
		};
/* End PBXProject section */

/* Begin PBXSourcesBuildPhase section */
		EE2A9DC11DAB713F004C1C8B /* Sources */ = {
			isa = PBXSourcesBuildPhase;
			buildActionMask = 2147483647;
			files = (
				EE2A9DC91DAB713F004C1C8B /* main.m in Sources */,
				EE2A9DD11DAB788B004C1C8B /* Employee.m in Sources */,
			);
			runOnlyForDeploymentPostprocessing = 0;
		};
/* End PBXSourcesBuildPhase section */

/* Begin XCBuildConfiguration section */
		EE2A9DCA1DAB713F004C1C8B /* Debug */ = {
			isa = XCBuildConfiguration;
			buildSettings = {
				ALWAYS_SEARCH_USER_PATHS = NO;
				CLANG_CXX_LANGUAGE_STANDARD = "gnu++0x";
				CLANG_CXX_LIBRARY = "libc++";
				CLANG_ENABLE_MODULES = YES;
				CLANG_ENABLE_OBJC_ARC = YES;
				CLANG_WARN_BOOL_CONVERSION = YES;
				CLANG_WARN_CONSTANT_CONVERSION = YES;
				CLANG_WARN_DIRECT_OBJC_ISA_USAGE = YES_ERROR;
				CLANG_WARN_EMPTY_BODY = YES;
				CLANG_WARN_ENUM_CONVERSION = YES;
				CLANG_WARN_INT_CONVERSION = YES;
				CLANG_WARN_OBJC_ROOT_CLASS = YES_ERROR;
				CLANG_WARN_UNREACHABLE_CODE = YES;
				CLANG_WARN__DUPLICATE_METHOD_MATCH = YES;
				CODE_SIGN_IDENTITY = "-";
				COPY_PHASE_STRIP = NO;
				DEBUG_INFORMATION_FORMAT = dwarf;
				ENABLE_STRICT_OBJC_MSGSEND = YES;
				ENABLE_TESTABILITY = YES;
				GCC_C_LANGUAGE_STANDARD = gnu99;
				GCC_DYNAMIC_NO_PIC = NO;
				GCC_NO_COMMON_BLOCKS = YES;
				GCC_OPTIMIZATION_LEVEL = 0;
				GCC_PREPROCESSOR_DEFINITIONS = (
					"DEBUG=1",
					"$(inherited)",
				);
				GCC_WARN_64_TO_32_BIT_CONVERSION = YES;
				GCC_WARN_ABOUT_RETURN_TYPE = YES_ERROR;
				GCC_WARN_UNDECLARED_SELECTOR = YES;
				GCC_WARN_UNINITIALIZED_AUTOS = YES_AGGRESSIVE;
				GCC_WARN_UNUSED_FUNCTION = YES;
				GCC_WARN_UNUSED_VARIABLE = YES;
				MACOSX_DEPLOYMENT_TARGET = 10.11;
				MTL_ENABLE_DEBUG_INFO = YES;
				ONLY_ACTIVE_ARCH = YES;
				SDKROOT = macosx;
			};
			name = Debug;
		};
		EE2A9DCB1DAB713F004C1C8B /* Release */ = {
			isa = XCBuildConfiguration;
			buildSettings = {
				ALWAYS_SEARCH_USER_PATHS = NO;
				CLANG_CXX_LANGUAGE_STANDARD = "gnu++0x";
				CLANG_CXX_LIBRARY = "libc++";
				CLANG_ENABLE_MODULES = YES;
				CLANG_ENABLE_OBJC_ARC = YES;
				CLANG_WARN_BOOL_CONVERSION = YES;
				CLANG_WARN_CONSTANT_CONVERSION = YES;
				CLANG_WARN_DIRECT_OBJC_ISA_USAGE = YES_ERROR;
				CLANG_WARN_EMPTY_BODY = YES;
				CLANG_WARN_ENUM_CONVERSION = YES;
				CLANG_WARN_INT_CONVERSION = YES;
				CLANG_WARN_OBJC_ROOT_CLASS = YES_ERROR;
				CLANG_WARN_UNREACHABLE_CODE = YES;
				CLANG_WARN__DUPLICATE_METHOD_MATCH = YES;
				CODE_SIGN_IDENTITY = "-";
				COPY_PHASE_STRIP = NO;
				DEBUG_INFORMATION_FORMAT = "dwarf-with-dsym";
				ENABLE_NS_ASSERTIONS = NO;
				ENABLE_STRICT_OBJC_MSGSEND = YES;
				GCC_C_LANGUAGE_STANDARD = gnu99;
				GCC_NO_COMMON_BLOCKS = YES;
				GCC_WARN_64_TO_32_BIT_CONVERSION = YES;
				GCC_WARN_ABOUT_RETURN_TYPE = YES_ERROR;
				GCC_WARN_UNDECLARED_SELECTOR = YES;
				GCC_WARN_UNINITIALIZED_AUTOS = YES_AGGRESSIVE;
				GCC_WARN_UNUSED_FUNCTION = YES;
				GCC_WARN_UNUSED_VARIABLE = YES;
				MACOSX_DEPLOYMENT_TARGET = 10.11;
				MTL_ENABLE_DEBUG_INFO = NO;
				SDKROOT = macosx;
			};
			name = Release;
		};
		EE2A9DCD1DAB713F004C1C8B /* Debug */ = {
			isa = XCBuildConfiguration;
			buildSettings = {
				PRODUCT_NAME = "$(TARGET_NAME)";
			};
			name = Debug;
		};
		EE2A9DCE1DAB713F004C1C8B /* Release */ = {
			isa = XCBuildConfiguration;
			buildSettings = {
				PRODUCT_NAME = "$(TARGET_NAME)";
			};
			name = Release;
		};
/* End XCBuildConfiguration section */

/* Begin XCConfigurationList section */
		EE2A9DC01DAB713F004C1C8B /* Build configuration list for PBXProject "Obectivec-training" */ = {
			isa = XCConfigurationList;
			buildConfigurations = (
				EE2A9DCA1DAB713F004C1C8B /* Debug */,
				EE2A9DCB1DAB713F004C1C8B /* Release */,
			);
			defaultConfigurationIsVisible = 0;
			defaultConfigurationName = Release;
		};
		EE2A9DCC1DAB713F004C1C8B /* Build configuration list for PBXNativeTarget "Obectivec-training" */ = {
			isa = XCConfigurationList;
			buildConfigurations = (
				EE2A9DCD1DAB713F004C1C8B /* Debug */,
				EE2A9DCE1DAB713F004C1C8B /* Release */,
			);
			defaultConfigurationIsVisible = 0;
		};
/* End XCConfigurationList section */
	};
	rootObject = EE2A9DBD1DAB713F004C1C8B /* Project object */;
}
